github.com/Netflix/go-env v0.1.2 h1:0DRoLR9lECQ9Zqvkswuebm3jJ/2enaDX6Ei8/Z+EnK0=
github.com/Netflix/go-env v0.1.2/go.mod h1:WlIhYi++8FlKNJtrop1mjXYAJMzv1f43K4MqCoh0yGE=
github.com/joho/godotenv v1.5.1 h1:7eLL/+HRGLY0ldzfGMeQkb7vMd0as4CfYvUVzLqw0N0=
github.com/joho/godotenv v1.5.1/go.mod h1:f4LDr5Voq0i2e/R5DDNOoa2zzDfwtkZa6DnEwAbqwq4=
